
Microsoft Visual Studio Solution File, Format Version 12.00
# Visual Studio Version 16
VisualStudioVersion = 16.0.29613.14
MinimumVisualStudioVersion = 10.0.40219.1
Project("{2150E333-8FDC-42A3-9474-1A3956D46DE8}") = "Applications", "Applications", "{FD1A6CE0-DC78-46C8-8FC1-1E7EAE72741D}"
EndProject
Project("{2150E333-8FDC-42A3-9474-1A3956D46DE8}") = "BuildingBlocks", "BuildingBlocks", "{5D67D6D8-618D-4E0F-99B6-A5A352A446F3}"
EndProject
Project("{2150E333-8FDC-42A3-9474-1A3956D46DE8}") = "Domains", "Domains", "{D682FA7F-3092-4330-8705-E7A3FD87D4C1}"
EndProject
Project("{2150E333-8FDC-42A3-9474-1A3956D46DE8}") = "Infrastructures", "Infrastructures", "{82811F6F-B35E-49D6-BB2B-3BB172F29A00}"
EndProject
Project("{2150E333-8FDC-42A3-9474-1A3956D46DE8}") = "MVC", "MVC", "{B817AF09-3983-4481-9997-E6B2608C0DBF}"
EndProject
Project("{9A19103F-16F7-4668-BE54-9A1E7A4F7556}") = "AspNetCore.Mvc.JwtBearer", "BuildingBlocks\MVC\AspNetCore.Mvc.JwtBearer\AspNetCore.Mvc.JwtBearer.csproj", "{8034DFD1-07D8-4767-B6DA-481F4F6AC539}"
EndProject
Project("{9A19103F-16F7-4668-BE54-9A1E7A4F7556}") = "AspNetCore.Mvc", "BuildingBlocks\MVC\AspNetCore.Mvc\AspNetCore.Mvc.csproj", "{18D9B267-CC18-4610-852B-3764F4E95AA9}"
EndProject
Project("{2150E333-8FDC-42A3-9474-1A3956D46DE8}") = "EntityFramework", "EntityFramework", "{0AA82F03-B64A-4276-B481-DD8AA50EEB18}"
EndProject
Project("{9A19103F-16F7-4668-BE54-9A1E7A4F7556}") = "AspNetCore.EntityFramework", "BuildingBlocks\EntityFramework\AspNetCore.EntityFramework\AspNetCore.EntityFramework.csproj", "{E81FAA43-AF50-4DF5-A713-106EED2F76BC}"
EndProject
Project("{2150E333-8FDC-42A3-9474-1A3956D46DE8}") = "IoC", "IoC", "{54F71493-E0FF-4CC8-8025-7ACD4F7A8ABC}"
EndProject
Project("{2150E333-8FDC-42A3-9474-1A3956D46DE8}") = "UnitOfWork", "UnitOfWork", "{E92FAC4C-D297-4795-8835-390EA99B491B}"
EndProject
Project("{2150E333-8FDC-42A3-9474-1A3956D46DE8}") = "Validation", "Validation", "{609DAC58-E448-4E50-AB92-17D6C1A08646}"
EndProject
Project("{2150E333-8FDC-42A3-9474-1A3956D46DE8}") = "DataBinding", "DataBinding", "{287DF722-37D0-44D0-8875-3E61396EFC2A}"
EndProject
Project("{9A19103F-16F7-4668-BE54-9A1E7A4F7556}") = "AspNetCore.DataBinding.AutoMapper", "BuildingBlocks\DataBinding\AspNetCore.DataBinding.AutoMapper\AspNetCore.DataBinding.AutoMapper.csproj", "{727C03C3-4854-466C-94CA-9F2FF78116EE}"
EndProject
Project("{2150E333-8FDC-42A3-9474-1A3956D46DE8}") = "Common", "Common", "{0DAA690B-2AB6-4A7F-9700-35FD1D8C2898}"
EndProject
Project("{9A19103F-16F7-4668-BE54-9A1E7A4F7556}") = "AspNetCore.Common", "BuildingBlocks\Common\AspNetCore.Common\AspNetCore.Common.csproj", "{D328722A-E6FE-436E-94C2-9026A62E22B0}"
EndProject
Project("{2150E333-8FDC-42A3-9474-1A3956D46DE8}") = "Domain", "Domain", "{45C655C2-71E7-45BF-8273-44448047D23C}"
EndProject
Project("{9A19103F-16F7-4668-BE54-9A1E7A4F7556}") = "AspNetCore.Domain", "BuildingBlocks\Domain\AspNetCore.Domain\AspNetCore.Domain.csproj", "{047B4AF1-E9FD-42FD-B6B0-EE6AE46722DD}"
EndProject
Project("{9A19103F-16F7-4668-BE54-9A1E7A4F7556}") = "AspNetCore.IoC.Autofact", "BuildingBlocks\IoC\AspNetCore.IoC.Autofact\AspNetCore.IoC.Autofact.csproj", "{699B1DB1-81DB-444D-8727-7155FAEA3319}"
EndProject
Project("{9A19103F-16F7-4668-BE54-9A1E7A4F7556}") = "AspNetCore.UnitOfWork", "BuildingBlocks\UnitOfWork\AspNetCore.UnitOfWork\AspNetCore.UnitOfWork.csproj", "{DB97FBF5-B5AB-4BCB-BFCC-9B0BC260D708}"
EndProject
Project("{9A19103F-16F7-4668-BE54-9A1E7A4F7556}") = "AspNetCore.UnitOfWork.EntityFramework", "BuildingBlocks\UnitOfWork\AspNetCore.UnitOfWork.EntityFramework\AspNetCore.UnitOfWork.EntityFramework.csproj", "{0CA9C14D-AF92-4B2D-B612-14AFB8094C8C}"
EndProject
Project("{9A19103F-16F7-4668-BE54-9A1E7A4F7556}") = "AspNetCore.FluentValidation", "BuildingBlocks\Validation\AspNetCore.FluentValidation\AspNetCore.FluentValidation.csproj", "{39DB9DD6-198E-4809-8EFC-B24116687E7E}"
EndProject
Project("{9A19103F-16F7-4668-BE54-9A1E7A4F7556}") = "ApplicationDomain", "Domains\ApplicationDomain\ApplicationDomain.csproj", "{AB1FD29A-C7E2-4676-A5D8-AEABBD75AB67}"
EndProject
Project("{9A19103F-16F7-4668-BE54-9A1E7A4F7556}") = "Infrastructure", "Infrastructures\Infrastructure\Infrastructure.csproj", "{414911F9-4021-4A8B-95F1-FF4166BC2437}"
EndProject
Project("{9A19103F-16F7-4668-BE54-9A1E7A4F7556}") = "Infrastructure.SeedData", "Infrastructures\Infrastructure.SeedData\Infrastructure.SeedData.csproj", "{6784B9AD-1B7C-4E0D-A3F4-C6374B6EA999}"
EndProject
Project("{9A19103F-16F7-4668-BE54-9A1E7A4F7556}") = "Infrastructure.DbMigration", "Infrastructures\Infrastructure.DbMigration\Infrastructure.DbMigration.csproj", "{ED219621-C478-4E1C-8BFC-22F1B70C9BD9}"
EndProject
Project("{9A19103F-16F7-4668-BE54-9A1E7A4F7556}") = "WebAdminApplication", "Applications\WebAdminApplication\WebAdminApplication.csproj", "{7324CC73-F215-4EED-94DE-24AA296F2ECD}"
EndProject
Project("{2150E333-8FDC-42A3-9474-1A3956D46DE8}") = "AutoGenerate", "AutoGenerate", "{1D059AC4-05D1-47DC-8DAA-50DB0C5FAC7D}"
EndProject
Project("{9A19103F-16F7-4668-BE54-9A1E7A4F7556}") = "AspNetCore.AutoGenerate", "BuildingBlocks\AutoGenerate\AspNetCore.AutoGenerate\AspNetCore.AutoGenerate.csproj", "{A04E4E4F-BB18-4DAB-8011-75BF0FC7D113}"
EndProject
Project("{2150E333-8FDC-42A3-9474-1A3956D46DE8}") = "EmailSender", "EmailSender", "{80165B1D-3906-444A-9E3F-EEE76B534563}"
EndProject
Project("{9A19103F-16F7-4668-BE54-9A1E7A4F7556}") = "AspNetCore.EmailSender", "BuildingBlocks\EmailSender\AspNetCore.EmailSender\AspNetCore.EmailSender.csproj", "{C454215B-55E6-4D2D-86C0-38873A809374}"
EndProject
Project("{2150E333-8FDC-42A3-9474-1A3956D46DE8}") = "SQLProvider", "SQLProvider", "{5B98360C-7E1F-4BB3-B707-45B5A84922C7}"
EndProject
Project("{9A19103F-16F7-4668-BE54-9A1E7A4F7556}") = "MSSQL", "BuildingBlocks\SQLProvider\MSSQL\MSSQL.csproj", "{A3411D11-2285-4110-888C-5ACCC3DCD5C8}"
EndProject
Global
	GlobalSection(SolutionConfigurationPlatforms) = preSolution
		Debug|Any CPU = Debug|Any CPU
		Release|Any CPU = Release|Any CPU
	EndGlobalSection
	GlobalSection(ProjectConfigurationPlatforms) = postSolution
		{8034DFD1-07D8-4767-B6DA-481F4F6AC539}.Debug|Any CPU.ActiveCfg = Debug|Any CPU
		{8034DFD1-07D8-4767-B6DA-481F4F6AC539}.Debug|Any CPU.Build.0 = Debug|Any CPU
		{8034DFD1-07D8-4767-B6DA-481F4F6AC539}.Release|Any CPU.ActiveCfg = Release|Any CPU
		{8034DFD1-07D8-4767-B6DA-481F4F6AC539}.Release|Any CPU.Build.0 = Release|Any CPU
		{18D9B267-CC18-4610-852B-3764F4E95AA9}.Debug|Any CPU.ActiveCfg = Debug|Any CPU
		{18D9B267-CC18-4610-852B-3764F4E95AA9}.Debug|Any CPU.Build.0 = Debug|Any CPU
		{18D9B267-CC18-4610-852B-3764F4E95AA9}.Release|Any CPU.ActiveCfg = Release|Any CPU
		{18D9B267-CC18-4610-852B-3764F4E95AA9}.Release|Any CPU.Build.0 = Release|Any CPU
		{E81FAA43-AF50-4DF5-A713-106EED2F76BC}.Debug|Any CPU.ActiveCfg = Debug|Any CPU
		{E81FAA43-AF50-4DF5-A713-106EED2F76BC}.Debug|Any CPU.Build.0 = Debug|Any CPU
		{E81FAA43-AF50-4DF5-A713-106EED2F76BC}.Release|Any CPU.ActiveCfg = Release|Any CPU
		{E81FAA43-AF50-4DF5-A713-106EED2F76BC}.Release|Any CPU.Build.0 = Release|Any CPU
		{727C03C3-4854-466C-94CA-9F2FF78116EE}.Debug|Any CPU.ActiveCfg = Debug|Any CPU
		{727C03C3-4854-466C-94CA-9F2FF78116EE}.Debug|Any CPU.Build.0 = Debug|Any CPU
		{727C03C3-4854-466C-94CA-9F2FF78116EE}.Release|Any CPU.ActiveCfg = Release|Any CPU
		{727C03C3-4854-466C-94CA-9F2FF78116EE}.Release|Any CPU.Build.0 = Release|Any CPU
		{D328722A-E6FE-436E-94C2-9026A62E22B0}.Debug|Any CPU.ActiveCfg = Debug|Any CPU
		{D328722A-E6FE-436E-94C2-9026A62E22B0}.Debug|Any CPU.Build.0 = Debug|Any CPU
		{D328722A-E6FE-436E-94C2-9026A62E22B0}.Release|Any CPU.ActiveCfg = Release|Any CPU
		{D328722A-E6FE-436E-94C2-9026A62E22B0}.Release|Any CPU.Build.0 = Release|Any CPU
		{047B4AF1-E9FD-42FD-B6B0-EE6AE46722DD}.Debug|Any CPU.ActiveCfg = Debug|Any CPU
		{047B4AF1-E9FD-42FD-B6B0-EE6AE46722DD}.Debug|Any CPU.Build.0 = Debug|Any CPU
		{047B4AF1-E9FD-42FD-B6B0-EE6AE46722DD}.Release|Any CPU.ActiveCfg = Release|Any CPU
		{047B4AF1-E9FD-42FD-B6B0-EE6AE46722DD}.Release|Any CPU.Build.0 = Release|Any CPU
		{699B1DB1-81DB-444D-8727-7155FAEA3319}.Debug|Any CPU.ActiveCfg = Debug|Any CPU
		{699B1DB1-81DB-444D-8727-7155FAEA3319}.Debug|Any CPU.Build.0 = Debug|Any CPU
		{699B1DB1-81DB-444D-8727-7155FAEA3319}.Release|Any CPU.ActiveCfg = Release|Any CPU
		{699B1DB1-81DB-444D-8727-7155FAEA3319}.Release|Any CPU.Build.0 = Release|Any CPU
		{DB97FBF5-B5AB-4BCB-BFCC-9B0BC260D708}.Debug|Any CPU.ActiveCfg = Debug|Any CPU
		{DB97FBF5-B5AB-4BCB-BFCC-9B0BC260D708}.Debug|Any CPU.Build.0 = Debug|Any CPU
		{DB97FBF5-B5AB-4BCB-BFCC-9B0BC260D708}.Release|Any CPU.ActiveCfg = Release|Any CPU
		{DB97FBF5-B5AB-4BCB-BFCC-9B0BC260D708}.Release|Any CPU.Build.0 = Release|Any CPU
		{0CA9C14D-AF92-4B2D-B612-14AFB8094C8C}.Debug|Any CPU.ActiveCfg = Debug|Any CPU
		{0CA9C14D-AF92-4B2D-B612-14AFB8094C8C}.Debug|Any CPU.Build.0 = Debug|Any CPU
		{0CA9C14D-AF92-4B2D-B612-14AFB8094C8C}.Release|Any CPU.ActiveCfg = Release|Any CPU
		{0CA9C14D-AF92-4B2D-B612-14AFB8094C8C}.Release|Any CPU.Build.0 = Release|Any CPU
		{39DB9DD6-198E-4809-8EFC-B24116687E7E}.Debug|Any CPU.ActiveCfg = Debug|Any CPU
		{39DB9DD6-198E-4809-8EFC-B24116687E7E}.Debug|Any CPU.Build.0 = Debug|Any CPU
		{39DB9DD6-198E-4809-8EFC-B24116687E7E}.Release|Any CPU.ActiveCfg = Release|Any CPU
		{39DB9DD6-198E-4809-8EFC-B24116687E7E}.Release|Any CPU.Build.0 = Release|Any CPU
		{AB1FD29A-C7E2-4676-A5D8-AEABBD75AB67}.Debug|Any CPU.ActiveCfg = Debug|Any CPU
		{AB1FD29A-C7E2-4676-A5D8-AEABBD75AB67}.Debug|Any CPU.Build.0 = Debug|Any CPU
		{AB1FD29A-C7E2-4676-A5D8-AEABBD75AB67}.Release|Any CPU.ActiveCfg = Release|Any CPU
		{AB1FD29A-C7E2-4676-A5D8-AEABBD75AB67}.Release|Any CPU.Build.0 = Release|Any CPU
		{414911F9-4021-4A8B-95F1-FF4166BC2437}.Debug|Any CPU.ActiveCfg = Debug|Any CPU
		{414911F9-4021-4A8B-95F1-FF4166BC2437}.Debug|Any CPU.Build.0 = Debug|Any CPU
		{414911F9-4021-4A8B-95F1-FF4166BC2437}.Release|Any CPU.ActiveCfg = Release|Any CPU
		{414911F9-4021-4A8B-95F1-FF4166BC2437}.Release|Any CPU.Build.0 = Release|Any CPU
		{6784B9AD-1B7C-4E0D-A3F4-C6374B6EA999}.Debug|Any CPU.ActiveCfg = Debug|Any CPU
		{6784B9AD-1B7C-4E0D-A3F4-C6374B6EA999}.Debug|Any CPU.Build.0 = Debug|Any CPU
		{6784B9AD-1B7C-4E0D-A3F4-C6374B6EA999}.Release|Any CPU.ActiveCfg = Release|Any CPU
		{6784B9AD-1B7C-4E0D-A3F4-C6374B6EA999}.Release|Any CPU.Build.0 = Release|Any CPU
		{ED219621-C478-4E1C-8BFC-22F1B70C9BD9}.Debug|Any CPU.ActiveCfg = Debug|Any CPU
		{ED219621-C478-4E1C-8BFC-22F1B70C9BD9}.Debug|Any CPU.Build.0 = Debug|Any CPU
		{ED219621-C478-4E1C-8BFC-22F1B70C9BD9}.Release|Any CPU.ActiveCfg = Release|Any CPU
		{ED219621-C478-4E1C-8BFC-22F1B70C9BD9}.Release|Any CPU.Build.0 = Release|Any CPU
		{7324CC73-F215-4EED-94DE-24AA296F2ECD}.Debug|Any CPU.ActiveCfg = Debug|Any CPU
		{7324CC73-F215-4EED-94DE-24AA296F2ECD}.Debug|Any CPU.Build.0 = Debug|Any CPU
		{7324CC73-F215-4EED-94DE-24AA296F2ECD}.Release|Any CPU.ActiveCfg = Release|Any CPU
		{7324CC73-F215-4EED-94DE-24AA296F2ECD}.Release|Any CPU.Build.0 = Release|Any CPU
		{A04E4E4F-BB18-4DAB-8011-75BF0FC7D113}.Debug|Any CPU.ActiveCfg = Debug|Any CPU
		{A04E4E4F-BB18-4DAB-8011-75BF0FC7D113}.Debug|Any CPU.Build.0 = Debug|Any CPU
		{A04E4E4F-BB18-4DAB-8011-75BF0FC7D113}.Release|Any CPU.ActiveCfg = Release|Any CPU
		{A04E4E4F-BB18-4DAB-8011-75BF0FC7D113}.Release|Any CPU.Build.0 = Release|Any CPU
		{C454215B-55E6-4D2D-86C0-38873A809374}.Debug|Any CPU.ActiveCfg = Debug|Any CPU
		{C454215B-55E6-4D2D-86C0-38873A809374}.Debug|Any CPU.Build.0 = Debug|Any CPU
		{C454215B-55E6-4D2D-86C0-38873A809374}.Release|Any CPU.ActiveCfg = Release|Any CPU
		{C454215B-55E6-4D2D-86C0-38873A809374}.Release|Any CPU.Build.0 = Release|Any CPU
		{A3411D11-2285-4110-888C-5ACCC3DCD5C8}.Debug|Any CPU.ActiveCfg = Debug|Any CPU
		{A3411D11-2285-4110-888C-5ACCC3DCD5C8}.Debug|Any CPU.Build.0 = Debug|Any CPU
		{A3411D11-2285-4110-888C-5ACCC3DCD5C8}.Release|Any CPU.ActiveCfg = Release|Any CPU
		{A3411D11-2285-4110-888C-5ACCC3DCD5C8}.Release|Any CPU.Build.0 = Release|Any CPU
	EndGlobalSection
	GlobalSection(SolutionProperties) = preSolution
		HideSolutionNode = FALSE
	EndGlobalSection
	GlobalSection(NestedProjects) = preSolution
		{B817AF09-3983-4481-9997-E6B2608C0DBF} = {5D67D6D8-618D-4E0F-99B6-A5A352A446F3}
		{8034DFD1-07D8-4767-B6DA-481F4F6AC539} = {B817AF09-3983-4481-9997-E6B2608C0DBF}
		{18D9B267-CC18-4610-852B-3764F4E95AA9} = {B817AF09-3983-4481-9997-E6B2608C0DBF}
		{0AA82F03-B64A-4276-B481-DD8AA50EEB18} = {5D67D6D8-618D-4E0F-99B6-A5A352A446F3}
		{E81FAA43-AF50-4DF5-A713-106EED2F76BC} = {0AA82F03-B64A-4276-B481-DD8AA50EEB18}
		{54F71493-E0FF-4CC8-8025-7ACD4F7A8ABC} = {5D67D6D8-618D-4E0F-99B6-A5A352A446F3}
		{E92FAC4C-D297-4795-8835-390EA99B491B} = {5D67D6D8-618D-4E0F-99B6-A5A352A446F3}
		{609DAC58-E448-4E50-AB92-17D6C1A08646} = {5D67D6D8-618D-4E0F-99B6-A5A352A446F3}
		{287DF722-37D0-44D0-8875-3E61396EFC2A} = {5D67D6D8-618D-4E0F-99B6-A5A352A446F3}
		{727C03C3-4854-466C-94CA-9F2FF78116EE} = {287DF722-37D0-44D0-8875-3E61396EFC2A}
		{0DAA690B-2AB6-4A7F-9700-35FD1D8C2898} = {5D67D6D8-618D-4E0F-99B6-A5A352A446F3}
		{D328722A-E6FE-436E-94C2-9026A62E22B0} = {0DAA690B-2AB6-4A7F-9700-35FD1D8C2898}
		{45C655C2-71E7-45BF-8273-44448047D23C} = {5D67D6D8-618D-4E0F-99B6-A5A352A446F3}
		{047B4AF1-E9FD-42FD-B6B0-EE6AE46722DD} = {45C655C2-71E7-45BF-8273-44448047D23C}
		{699B1DB1-81DB-444D-8727-7155FAEA3319} = {54F71493-E0FF-4CC8-8025-7ACD4F7A8ABC}
		{DB97FBF5-B5AB-4BCB-BFCC-9B0BC260D708} = {E92FAC4C-D297-4795-8835-390EA99B491B}
		{0CA9C14D-AF92-4B2D-B612-14AFB8094C8C} = {E92FAC4C-D297-4795-8835-390EA99B491B}
		{39DB9DD6-198E-4809-8EFC-B24116687E7E} = {609DAC58-E448-4E50-AB92-17D6C1A08646}
		{AB1FD29A-C7E2-4676-A5D8-AEABBD75AB67} = {D682FA7F-3092-4330-8705-E7A3FD87D4C1}
		{414911F9-4021-4A8B-95F1-FF4166BC2437} = {82811F6F-B35E-49D6-BB2B-3BB172F29A00}
		{6784B9AD-1B7C-4E0D-A3F4-C6374B6EA999} = {82811F6F-B35E-49D6-BB2B-3BB172F29A00}
		{ED219621-C478-4E1C-8BFC-22F1B70C9BD9} = {82811F6F-B35E-49D6-BB2B-3BB172F29A00}
		{7324CC73-F215-4EED-94DE-24AA296F2ECD} = {FD1A6CE0-DC78-46C8-8FC1-1E7EAE72741D}
		{1D059AC4-05D1-47DC-8DAA-50DB0C5FAC7D} = {5D67D6D8-618D-4E0F-99B6-A5A352A446F3}
		{A04E4E4F-BB18-4DAB-8011-75BF0FC7D113} = {1D059AC4-05D1-47DC-8DAA-50DB0C5FAC7D}
		{80165B1D-3906-444A-9E3F-EEE76B534563} = {5D67D6D8-618D-4E0F-99B6-A5A352A446F3}
		{C454215B-55E6-4D2D-86C0-38873A809374} = {80165B1D-3906-444A-9E3F-EEE76B534563}
		{5B98360C-7E1F-4BB3-B707-45B5A84922C7} = {5D67D6D8-618D-4E0F-99B6-A5A352A446F3}
		{A3411D11-2285-4110-888C-5ACCC3DCD5C8} = {5B98360C-7E1F-4BB3-B707-45B5A84922C7}
	EndGlobalSection
	GlobalSection(ExtensibilityGlobals) = postSolution
		SolutionGuid = {9BD2C978-2CEE-4B22-BB6A-6A76BD5A1192}
	EndGlobalSection
EndGlobal
